Microsoft Visual Studio Solution File, Format Version 12.00
# Visual Studio Version 17
VisualStudioVersion = 17.5.2.0
MinimumVisualStudioVersion = 10.0.40219.1
Project("{FAE04EC0-301F-11D3-BF4B-00C04F79EFBC}") = "AbstractClassesDemo", "AbstractClassesDemo.csproj", "{0E80B18A-2A7B-806B-8A5A-CEDA2645FF0B}"
EndProject
Global
	GlobalSection(SolutionConfigurationPlatforms) = preSolution
		Debug|Any CPU = Debug|Any CPU
		Release|Any CPU = Release|Any CPU
	EndGlobalSection
	GlobalSection(ProjectConfigurationPlatforms) = postSolution
		{0E80B18A-2A7B-806B-8A5A-CEDA2645FF0B}.Debug|Any CPU.ActiveCfg = Debug|Any CPU
		{0E80B18A-2A7B-806B-8A5A-CEDA2645FF0B}.Debug|Any CPU.Build.0 = Debug|Any CPU
		{0E80B18A-2A7B-806B-8A5A-CEDA2645FF0B}.Release|Any CPU.ActiveCfg = Release|Any CPU
		{0E80B18A-2A7B-806B-8A5A-CEDA2645FF0B}.Release|Any CPU.Build.0 = Release|Any CPU
	EndGlobalSection
	GlobalSection(SolutionProperties) = preSolution
		HideSolutionNode = FALSE
	EndGlobalSection
	GlobalSection(ExtensibilityGlobals) = postSolution
		SolutionGuid = {C1A15C2A-8B73-4594-8978-DC071AE85E06}
	EndGlobalSection
EndGlobal
